// !$*UTF8*$!
{
	archiveVersion = 1;
	classes = {
	};
	objectVersion = 46;
	objects = {

/* Begin PBXBuildFile section */
		B32CECBA1DC24BD7004D1821 /* AppDelegate.swift in Sources */ = {isa = PBXBuildFile; fileRef = B32CECB91DC24BD7004D1821 /* AppDelegate.swift */; };
		B32CECBC1DC24BD7004D1821 /* Assets.xcassets in Resources */ = {isa = PBXBuildFile; fileRef = B32CECBB1DC24BD7004D1821 /* Assets.xcassets */; };
		B32CECBF1DC24BD7004D1821 /* MainMenu.xib in Resources */ = {isa = PBXBuildFile; fileRef = B32CECBD1DC24BD7004D1821 /* MainMenu.xib */; };
		B32CECCA1DC24BD7004D1821 /* ChronosAppTests.swift in Sources */ = {isa = PBXBuildFile; fileRef = B32CECC91DC24BD7004D1821 /* ChronosAppTests.swift */; };
/* End PBXBuildFile section */

/* Begin PBXContainerItemProxy section */
		B32CECC61DC24BD7004D1821 /* PBXContainerItemProxy */ = {
			isa = PBXContainerItemProxy;
			containerPortal = B32CECAE1DC24BD7004D1821 /* Project object */;
			proxyType = 1;
			remoteGlobalIDString = B32CECB51DC24BD7004D1821;
			remoteInfo = ChronosApp;
		};
/* End PBXContainerItemProxy section */

/* Begin PBXFileReference section */
		B32CECB61DC24BD7004D1821 /* ChronosApp.app */ = {isa = PBXFileReference; explicitFileType = wrapper.application; includeInIndex = 0; path = ChronosApp.app; sourceTree = BUILT_PRODUCTS_DIR; };
		B32CECB91DC24BD7004D1821 /* AppDelegate.swift */ = {isa = PBXFileReference; lastKnownFileType = sourcecode.swift; path = AppDelegate.swift; sourceTree = "<group>"; };
		B32CECBB1DC24BD7004D1821 /* Assets.xcassets */ = {isa = PBXFileReference; lastKnownFileType = folder.assetcatalog; path = Assets.xcassets; sourceTree = "<group>"; };
		B32CECBE1DC24BD7004D1821 /* Base */ = {isa = PBXFileReference; lastKnownFileType = file.xib; name = Base; path = Base.lproj/MainMenu.xib; sourceTree = "<group>"; };
		B32CECC01DC24BD7004D1821 /* Info.plist */ = {isa = PBXFileReference; lastKnownFileType = text.plist.xml; path = Info.plist; sourceTree = "<group>"; };
		B32CECC51DC24BD7004D1821 /* ChronosAppTests.xctest */ = {isa = PBXFileReference; explicitFileType = wrapper.cfbundle; includeInIndex = 0; path = ChronosAppTests.xctest; sourceTree = BUILT_PRODUCTS_DIR; };
		B32CECC91DC24BD7004D1821 /* ChronosAppTests.swift */ = {isa = PBXFileReference; lastKnownFileType = sourcecode.swift; path = ChronosAppTests.swift; sourceTree = "<group>"; };
		B32CECCB1DC24BD7004D1821 /* Info.plist */ = {isa = PBXFileReference; lastKnownFileType = text.plist.xml; path = Info.plist; sourceTree = "<group>"; };
/* End PBXFileReference section */

/* Begin PBXFrameworksBuildPhase section */
		B32CECB31DC24BD7004D1821 /* Frameworks */ = {
			isa = PBXFrameworksBuildPhase;
			buildActionMask = 2147483647;
			files = (
			);
			runOnlyForDeploymentPostprocessing = 0;
		};
		B32CECC21DC24BD7004D1821 /* Frameworks */ = {
			isa = PBXFrameworksBuildPhase;
			buildActionMask = 2147483647;
			files = (
			);
			runOnlyForDeploymentPostprocessing = 0;
		};
/* End PBXFrameworksBuildPhase section */

/* Begin PBXGroup section */
		B32CECAD1DC24BD7004D1821 = {
			isa = PBXGroup;
			children = (
				B32CECB81DC24BD7004D1821 /* ChronosApp */,
				B32CECC81DC24BD7004D1821 /* ChronosAppTests */,
				B32CECB71DC24BD7004D1821 /* Products */,
			);
			sourceTree = "<group>";
		};
		B32CECB71DC24BD7004D1821 /* Products */ = {
			isa = PBXGroup;
			children = (
				B32CECB61DC24BD7004D1821 /* ChronosApp.app */,
				B32CECC51DC24BD7004D1821 /* ChronosAppTests.xctest */,
			);
			name = Products;
			sourceTree = "<group>";
		};
		B32CECB81DC24BD7004D1821 /* ChronosApp */ = {
			isa = PBXGroup;
			children = (
				B32CECB91DC24BD7004D1821 /* AppDelegate.swift */,
				B32CECBB1DC24BD7004D1821 /* Assets.xcassets */,
				B32CECBD1DC24BD7004D1821 /* MainMenu.xib */,
				B32CECC01DC24BD7004D1821 /* Info.plist */,
			);
			path = ChronosApp;
			sourceTree = "<group>";
		};
		B32CECC81DC24BD7004D1821 /* ChronosAppTests */ = {
			isa = PBXGroup;
			children = (
				B32CECC91DC24BD7004D1821 /* ChronosAppTests.swift */,
				B32CECCB1DC24BD7004D1821 /* Info.plist */,
			);
			path = ChronosAppTests;
			sourceTree = "<group>";
		};
/* End PBXGroup section */

/* Begin PBXNativeTarget section */
		B32CECB51DC24BD7004D1821 /* ChronosApp */ = {
			isa = PBXNativeTarget;
			buildConfigurationList = B32CECCE1DC24BD7004D1821 /* Build configuration list for PBXNativeTarget "ChronosApp" */;
			buildPhases = (
				B32CECB21DC24BD7004D1821 /* Sources */,
				B32CECB31DC24BD7004D1821 /* Frameworks */,
				B32CECB41DC24BD7004D1821 /* Resources */,
			);
			buildRules = (
			);
			dependencies = (
			);
			name = ChronosApp;
			productName = ChronosApp;
			productReference = B32CECB61DC24BD7004D1821 /* ChronosApp.app */;
			productType = "com.apple.product-type.application";
		};
		B32CECC41DC24BD7004D1821 /* ChronosAppTests */ = {
			isa = PBXNativeTarget;
			buildConfigurationList = B32CECD11DC24BD7004D1821 /* Build configuration list for PBXNativeTarget "ChronosAppTests" */;
			buildPhases = (
				B32CECC11DC24BD7004D1821 /* Sources */,
				B32CECC21DC24BD7004D1821 /* Frameworks */,
				B32CECC31DC24BD7004D1821 /* Resources */,
			);
			buildRules = (
			);
			dependencies = (
				B32CECC71DC24BD7004D1821 /* PBXTargetDependency */,
			);
			name = ChronosAppTests;
			productName = ChronosAppTests;
			productReference = B32CECC51DC24BD7004D1821 /* ChronosAppTests.xctest */;
			productType = "com.apple.product-type.bundle.unit-test";
		};
/* End PBXNativeTarget section */

/* Begin PBXProject section */
		B32CECAE1DC24BD7004D1821 /* Project object */ = {
			isa = PBXProject;
			attributes = {
				LastSwiftUpdateCheck = 0800;
				LastUpgradeCheck = 0800;
				ORGANIZATIONNAME = "Eugen Waldschmidt";
				TargetAttributes = {
					B32CECB51DC24BD7004D1821 = {
						CreatedOnToolsVersion = 8.0;
						DevelopmentTeam = R4HLR9FV49;
						ProvisioningStyle = Automatic;
					};
					B32CECC41DC24BD7004D1821 = {
						CreatedOnToolsVersion = 8.0;
						DevelopmentTeam = R4HLR9FV49;
						ProvisioningStyle = Automatic;
						TestTargetID = B32CECB51DC24BD7004D1821;
					};
				};
			};
			buildConfigurationList = B32CECB11DC24BD7004D1821 /* Build configuration list for PBXProject "ChronosApp" */;
			compatibilityVersion = "Xcode 3.2";
			developmentRegion = English;
			hasScannedForEncodings = 0;
			knownRegions = (
				en,
				Base,
			);
			mainGroup = B32CECAD1DC24BD7004D1821;
			productRefGroup = B32CECB71DC24BD7004D1821 /* Products */;
			projectDirPath = "";
			projectRoot = "";
			targets = (
				B32CECB51DC24BD7004D1821 /* ChronosApp */,
				B32CECC41DC24BD7004D1821 /* ChronosAppTests */,
			);
		};
/* End PBXProject section */

/* Begin PBXResourcesBuildPhase section */
		B32CECB41DC24BD7004D1821 /* Resources */ = {
			isa = PBXResourcesBuildPhase;
			buildActionMask = 2147483647;
			files = (
				B32CECBC1DC24BD7004D1821 /* Assets.xcassets in Resources */,
				B32CECBF1DC24BD7004D1821 /* MainMenu.xib in Resources */,
			);
			runOnlyForDeploymentPostprocessing = 0;
		};
		B32CECC31DC24BD7004D1821 /* Resources */ = {
			isa = PBXResourcesBuildPhase;
			buildActionMask = 2147483647;
			files = (
			);
			runOnlyForDeploymentPostprocessing = 0;
		};
/* End PBXResourcesBuildPhase section */

/* Begin PBXSourcesBuildPhase section */
		B32CECB21DC24BD7004D1821 /* Sources */ = {
			isa = PBXSourcesBuildPhase;
			buildActionMask = 2147483647;
			files = (
				B32CECBA1DC24BD7004D1821 /* AppDelegate.swift in Sources */,
			);
			runOnlyForDeploymentPostprocessing = 0;
		};
		B32CECC11DC24BD7004D1821 /* Sources */ = {
			isa = PBXSourcesBuildPhase;
			buildActionMask = 2147483647;
			files = (
				B32CECCA1DC24BD7004D1821 /* ChronosAppTests.swift in Sources */,
			);
			runOnlyForDeploymentPostprocessing = 0;
		};
/* End PBXSourcesBuildPhase section */

/* Begin PBXTargetDependency section */
		B32CECC71DC24BD7004D1821 /* PBXTargetDependency */ = {
			isa = PBXTargetDependency;
			target = B32CECB51DC24BD7004D1821 /* ChronosApp */;
			targetProxy = B32CECC61DC24BD7004D1821 /* PBXContainerItemProxy */;
		};
/* End PBXTargetDependency section */

/* Begin PBXVariantGroup section */
		B32CECBD1DC24BD7004D1821 /* MainMenu.xib */ = {
			isa = PBXVariantGroup;
			children = (
				B32CECBE1DC24BD7004D1821 /* Base */,
			);
			name = MainMenu.xib;
			sourceTree = "<group>";
		};
/* End PBXVariantGroup section */

/* Begin XCBuildConfiguration section */
		B32CECCC1DC24BD7004D1821 /* Debug */ = {
			isa = XCBuildConfiguration;
			buildSettings = {
				ALWAYS_SEARCH_USER_PATHS = NO;
				CLANG_ANALYZER_NONNULL = YES;
				CLANG_CXX_LANGUAGE_STANDARD = "gnu++0x";
				CLANG_CXX_LIBRARY = "libc++";
				CLANG_ENABLE_MODULES = YES;
				CLANG_ENABLE_OBJC_ARC = YES;
				CLANG_WARN_BOOL_CONVERSION = YES;
				CLANG_WARN_CONSTANT_CONVERSION = YES;
				CLANG_WARN_DIRECT_OBJC_ISA_USAGE = YES_ERROR;
				CLANG_WARN_DOCUMENTATION_COMMENTS = YES;
				CLANG_WARN_EMPTY_BODY = YES;
				CLANG_WARN_ENUM_CONVERSION = YES;
				CLANG_WARN_INFINITE_RECURSION = YES;
				CLANG_WARN_INT_CONVERSION = YES;
				CLANG_WARN_OBJC_ROOT_CLASS = YES_ERROR;
				CLANG_WARN_SUSPICIOUS_MOVES = YES;
				CLANG_WARN_UNREACHABLE_CODE = YES;
				CLANG_WARN__DUPLICATE_METHOD_MATCH = YES;
				CODE_SIGN_IDENTITY = "-";
				COPY_PHASE_STRIP = NO;
				DEBUG_INFORMATION_FORMAT = dwarf;
				ENABLE_STRICT_OBJC_MSGSEND = YES;
				ENABLE_TESTABILITY = YES;
				GCC_C_LANGUAGE_STANDARD = gnu99;
				GCC_DYNAMIC_NO_PIC = NO;
				GCC_NO_COMMON_BLOCKS = YES;
				GCC_OPTIMIZATION_LEVEL = 0;
				GCC_PREPROCESSOR_DEFINITIONS = (
					"DEBUG=1",
					"$(inherited)",
				);
				GCC_WARN_64_TO_32_BIT_CONVERSION = YES;
				GCC_WARN_ABOUT_RETURN_TYPE = YES_ERROR;
				GCC_WARN_UNDECLARED_SELECTOR = YES;
				GCC_WARN_UNINITIALIZED_AUTOS = YES_AGGRESSIVE;
				GCC_WARN_UNUSED_FUNCTION = YES;
				GCC_WARN_UNUSED_VARIABLE = YES;
				MACOSX_DEPLOYMENT_TARGET = 10.12;
				MTL_ENABLE_DEBUG_INFO = YES;
				ONLY_ACTIVE_ARCH = YES;
				SDKROOT = macosx;
				SWIFT_ACTIVE_COMPILATION_CONDITIONS = DEBUG;
				SWIFT_OPTIMIZATION_LEVEL = "-Onone";
			};
			name = Debug;
		};
		B32CECCD1DC24BD7004D1821 /* Release */ = {
			isa = XCBuildConfiguration;
			buildSettings = {
				ALWAYS_SEARCH_USER_PATHS = NO;
				CLANG_ANALYZER_NONNULL = YES;
				CLANG_CXX_LANGUAGE_STANDARD = "gnu++0x";
				CLANG_CXX_LIBRARY = "libc++";
				CLANG_ENABLE_MODULES = YES;
				CLANG_ENABLE_OBJC_ARC = YES;
				CLANG_WARN_BOOL_CONVERSION = YES;
				CLANG_WARN_CONSTANT_CONVERSION = YES;
				CLANG_WARN_DIRECT_OBJC_ISA_USAGE = YES_ERROR;
				CLANG_WARN_DOCUMENTATION_COMMENTS = YES;
				CLANG_WARN_EMPTY_BODY = YES;
				CLANG_WARN_ENUM_CONVERSION = YES;
				CLANG_WARN_INFINITE_RECURSION = YES;
				CLANG_WARN_INT_CONVERSION = YES;
				CLANG_WARN_OBJC_ROOT_CLASS = YES_ERROR;
				CLANG_WARN_SUSPICIOUS_MOVES = YES;
				CLANG_WARN_UNREACHABLE_CODE = YES;
				CLANG_WARN__DUPLICATE_METHOD_MATCH = YES;
				CODE_SIGN_IDENTITY = "-";
				COPY_PHASE_STRIP = NO;
				DEBUG_INFORMATION_FORMAT = "dwarf-with-dsym";
				ENABLE_NS_ASSERTIONS = NO;
				ENABLE_STRICT_OBJC_MSGSEND = YES;
				GCC_C_LANGUAGE_STANDARD = gnu99;
				GCC_NO_COMMON_BLOCKS = YES;
				GCC_WARN_64_TO_32_BIT_CONVERSION = YES;
				GCC_WARN_ABOUT_RETURN_TYPE = YES_ERROR;
				GCC_WARN_UNDECLARED_SELECTOR = YES;
				GCC_WARN_UNINITIALIZED_AUTOS = YES_AGGRESSIVE;
				GCC_WARN_UNUSED_FUNCTION = YES;
				GCC_WARN_UNUSED_VARIABLE = YES;
				MACOSX_DEPLOYMENT_TARGET = 10.12;
				MTL_ENABLE_DEBUG_INFO = NO;
				SDKROOT = macosx;
				SWIFT_OPTIMIZATION_LEVEL = "-Owholemodule";
			};
			name = Release;
		};
		B32CECCF1DC24BD7004D1821 /* Debug */ = {
			isa = XCBuildConfiguration;
			buildSettings = {
				ASSETCATALOG_COMPILER_APPICON_NAME = AppIcon;
				COMBINE_HIDPI_IMAGES = YES;
				DEVELOPMENT_TEAM = R4HLR9FV49;
				INFOPLIST_FILE = ChronosApp/Info.plist;
				LD_RUNPATH_SEARCH_PATHS = "$(inherited) @executable_path/../Frameworks";
				PRODUCT_BUNDLE_IDENTIFIER = de.zeotyn.ChronosApp;
				PRODUCT_NAME = "$(TARGET_NAME)";
				SWIFT_VERSION = 3.0;
			};
			name = Debug;
		};
		B32CECD01DC24BD7004D1821 /* Release */ = {
			isa = XCBuildConfiguration;
			buildSettings = {
				ASSETCATALOG_COMPILER_APPICON_NAME = AppIcon;
				COMBINE_HIDPI_IMAGES = YES;
				DEVELOPMENT_TEAM = R4HLR9FV49;
				INFOPLIST_FILE = ChronosApp/Info.plist;
				LD_RUNPATH_SEARCH_PATHS = "$(inherited) @executable_path/../Frameworks";
				PRODUCT_BUNDLE_IDENTIFIER = de.zeotyn.ChronosApp;
				PRODUCT_NAME = "$(TARGET_NAME)";
				SWIFT_VERSION = 3.0;
			};
			name = Release;
		};
		B32CECD21DC24BD7004D1821 /* Debug */ = {
			isa = XCBuildConfiguration;
			buildSettings = {
				ALWAYS_EMBED_SWIFT_STANDARD_LIBRARIES = YES;
				BUNDLE_LOADER = "$(TEST_HOST)";
				COMBINE_HIDPI_IMAGES = YES;
				DEVELOPMENT_TEAM = R4HLR9FV49;
				INFOPLIST_FILE = ChronosAppTests/Info.plist;
				LD_RUNPATH_SEARCH_PATHS = "$(inherited) @executable_path/../Frameworks @loader_path/../Frameworks";
				PRODUCT_BUNDLE_IDENTIFIER = de.zeotyn.ChronosAppTests;
				PRODUCT_NAME = "$(TARGET_NAME)";
				SWIFT_VERSION = 3.0;
				TEST_HOST = "$(BUILT_PRODUCTS_DIR)/ChronosApp.app/Contents/MacOS/ChronosApp";
			};
			name = Debug;
		};
		B32CECD31DC24BD7004D1821 /* Release */ = {
			isa = XCBuildConfiguration;
			buildSettings = {
				ALWAYS_EMBED_SWIFT_STANDARD_LIBRARIES = YES;
				BUNDLE_LOADER = "$(TEST_HOST)";
				COMBINE_HIDPI_IMAGES = YES;
				DEVELOPMENT_TEAM = R4HLR9FV49;
				INFOPLIST_FILE = ChronosAppTests/Info.plist;
				LD_RUNPATH_SEARCH_PATHS = "$(inherited) @executable_path/../Frameworks @loader_path/../Frameworks";
				PRODUCT_BUNDLE_IDENTIFIER = de.zeotyn.ChronosAppTests;
				PRODUCT_NAME = "$(TARGET_NAME)";
				SWIFT_VERSION = 3.0;
				TEST_HOST = "$(BUILT_PRODUCTS_DIR)/ChronosApp.app/Contents/MacOS/ChronosApp";
			};
			name = Release;
		};
/* End XCBuildConfiguration section */

/* Begin XCConfigurationList section */
		B32CECB11DC24BD7004D1821 /* Build configuration list for PBXProject "ChronosApp" */ = {
			isa = XCConfigurationList;
			buildConfigurations = (
				B32CECCC1DC24BD7004D1821 /* Debug */,
				B32CECCD1DC24BD7004D1821 /* Release */,
			);
			defaultConfigurationIsVisible = 0;
			defaultConfigurationName = Release;
		};
		B32CECCE1DC24BD7004D1821 /* Build configuration list for PBXNativeTarget "ChronosApp" */ = {
			isa = XCConfigurationList;
			buildConfigurations = (
				B32CECCF1DC24BD7004D1821 /* Debug */,
				B32CECD01DC24BD7004D1821 /* Release */,
			);
			defaultConfigurationIsVisible = 0;
		};
		B32CECD11DC24BD7004D1821 /* Build configuration list for PBXNativeTarget "ChronosAppTests" */ = {
			isa = XCConfigurationList;
			buildConfigurations = (
				B32CECD21DC24BD7004D1821 /* Debug */,
				B32CECD31DC24BD7004D1821 /* Release */,
			);
			defaultConfigurationIsVisible = 0;
		};
/* End XCConfigurationList section */
	};
	rootObject = B32CECAE1DC24BD7004D1821 /* Project object */;
}
